
Microsoft Visual Studio Solution File, Format Version 12.00
# Visual Studio Version 17
VisualStudioVersion = 17.7.34018.315
MinimumVisualStudioVersion = 10.0.40219.1
Project("{8BC9CEB8-8B4A-11D0-8D11-00A0C91BC942}") = "wingCADqt", "wingCADqt.vcxproj", "{42725AEF-CC36-3DF0-953F-0927CF2D8BCE}"
EndProject
Global
	GlobalSection(SolutionConfigurationPlatforms) = preSolution
		Debug|x64 = Debug|x64
		Release|x64 = Release|x64
	EndGlobalSection
	GlobalSection(ProjectConfigurationPlatforms) = postSolution
		{42725AEF-CC36-3DF0-953F-0927CF2D8BCE}.Debug|x64.ActiveCfg = Debug|x64
		{42725AEF-CC36-3DF0-953F-0927CF2D8BCE}.Debug|x64.Build.0 = Debug|x64
		{42725AEF-CC36-3DF0-953F-0927CF2D8BCE}.Release|x64.ActiveCfg = Release|x64
		{42725AEF-CC36-3DF0-953F-0927CF2D8BCE}.Release|x64.Build.0 = Release|x64
	EndGlobalSection
	GlobalSection(SolutionProperties) = preSolution
		HideSolutionNode = FALSE
	EndGlobalSection
	GlobalSection(ExtensibilityGlobals) = postSolution
		SolutionGuid = {F5469A6A-470C-46FF-91FB-0A90836A4211}
	EndGlobalSection
EndGlobal
